// !$*UTF8*$!
{
	archiveVersion = 1;
	classes = {
	};
	objectVersion = 56;
	objects = {

/* Begin PBXBuildFile section */
		256EE2902A0F3BA2008BDE13 /* MorningEveningZikrData.json in Resources */ = {isa = PBXBuildFile; fileRef = 256EE28F2A0F3BA2008BDE13 /* MorningEveningZikrData.json */; };
		256EE2942A0F4D60008BDE13 /* MorningEveningZikrData.swift in Sources */ = {isa = PBXBuildFile; fileRef = 256EE2932A0F4D60008BDE13 /* MorningEveningZikrData.swift */; };
		256EE2982A0F4EAF008BDE13 /* MorningEveningDataLoader.swift in Sources */ = {isa = PBXBuildFile; fileRef = 256EE2972A0F4EAF008BDE13 /* MorningEveningDataLoader.swift */; };
		256EE29A2A0F7E31008BDE13 /* MorningEveningZikrView.swift in Sources */ = {isa = PBXBuildFile; fileRef = 256EE2992A0F7E31008BDE13 /* MorningEveningZikrView.swift */; };
		256EE29C2A0F936E008BDE13 /* add_extra_data.py in Resources */ = {isa = PBXBuildFile; fileRef = 256EE29B2A0F936E008BDE13 /* add_extra_data.py */; };
		25DF20EC2A012AB300631BE6 /* Zikr_iosApp.swift in Sources */ = {isa = PBXBuildFile; fileRef = 25DF20EB2A012AB300631BE6 /* Zikr_iosApp.swift */; };
		25DF20EE2A012AB300631BE6 /* ContentView.swift in Sources */ = {isa = PBXBuildFile; fileRef = 25DF20ED2A012AB300631BE6 /* ContentView.swift */; };
		25DF20F02A012AB400631BE6 /* Assets.xcassets in Resources */ = {isa = PBXBuildFile; fileRef = 25DF20EF2A012AB400631BE6 /* Assets.xcassets */; };
		25DF20F32A012AB400631BE6 /* Preview Assets.xcassets in Resources */ = {isa = PBXBuildFile; fileRef = 25DF20F22A012AB400631BE6 /* Preview Assets.xcassets */; };
		25DF20FD2A012AB400631BE6 /* Zikr_iosTests.swift in Sources */ = {isa = PBXBuildFile; fileRef = 25DF20FC2A012AB400631BE6 /* Zikr_iosTests.swift */; };
		25DF21072A012AB400631BE6 /* Zikr_iosUITests.swift in Sources */ = {isa = PBXBuildFile; fileRef = 25DF21062A012AB400631BE6 /* Zikr_iosUITests.swift */; };
		25DF21092A012AB400631BE6 /* Zikr_iosUITestsLaunchTests.swift in Sources */ = {isa = PBXBuildFile; fileRef = 25DF21082A012AB400631BE6 /* Zikr_iosUITestsLaunchTests.swift */; };
		25DF21162A012BAA00631BE6 /* BigTileView.swift in Sources */ = {isa = PBXBuildFile; fileRef = 25DF21152A012BAA00631BE6 /* BigTileView.swift */; };
		25DF21542A0278BB00631BE6 /* MorningMenuView.swift in Sources */ = {isa = PBXBuildFile; fileRef = 25DF21532A0278BB00631BE6 /* MorningMenuView.swift */; };
		25DF21562A0278DE00631BE6 /* EveningMenuView.swift in Sources */ = {isa = PBXBuildFile; fileRef = 25DF21552A0278DE00631BE6 /* EveningMenuView.swift */; };
		25DF215B2A027A7B00631BE6 /* SettingsView.swift in Sources */ = {isa = PBXBuildFile; fileRef = 25DF215A2A027A7B00631BE6 /* SettingsView.swift */; };
		25DF215D2A027F1B00631BE6 /* MainView.swift in Sources */ = {isa = PBXBuildFile; fileRef = 25DF215C2A027F1B00631BE6 /* MainView.swift */; };
		25DF215F2A052AE600631BE6 /* ZikrData.json in Resources */ = {isa = PBXBuildFile; fileRef = 25DF215E2A052AE600631BE6 /* ZikrData.json */; };
		25DF21612A052B2000631BE6 /* Zikr.swift in Sources */ = {isa = PBXBuildFile; fileRef = 25DF21602A052B2000631BE6 /* Zikr.swift */; };
		25DF21632A052B5400631BE6 /* DataLoader.swift in Sources */ = {isa = PBXBuildFile; fileRef = 25DF21622A052B5400631BE6 /* DataLoader.swift */; };
		25DF21652A05C6D300631BE6 /* ZikrView.swift in Sources */ = {isa = PBXBuildFile; fileRef = 25DF21642A05C6D300631BE6 /* ZikrView.swift */; };
		25DF21B12A078BFF00631BE6 /* RowView.swift in Sources */ = {isa = PBXBuildFile; fileRef = 25DF21B02A078BFF00631BE6 /* RowView.swift */; };
/* End PBXBuildFile section */

/* Begin PBXContainerItemProxy section */
		25DF20F92A012AB400631BE6 /* PBXContainerItemProxy */ = {
			isa = PBXContainerItemProxy;
			containerPortal = 25DF20E02A012AB300631BE6 /* Project object */;
			proxyType = 1;
			remoteGlobalIDString = 25DF20E72A012AB300631BE6;
			remoteInfo = "Zikr-ios";
		};
		25DF21032A012AB400631BE6 /* PBXContainerItemProxy */ = {
			isa = PBXContainerItemProxy;
			containerPortal = 25DF20E02A012AB300631BE6 /* Project object */;
			proxyType = 1;
			remoteGlobalIDString = 25DF20E72A012AB300631BE6;
			remoteInfo = "Zikr-ios";
		};
/* End PBXContainerItemProxy section */

/* Begin PBXFileReference section */
		256EE1E22A091C9D008BDE13 /* Damascus.ttc */ = {isa = PBXFileReference; lastKnownFileType = file; path = Damascus.ttc; sourceTree = "<group>"; };
		256EE28F2A0F3BA2008BDE13 /* MorningEveningZikrData.json */ = {isa = PBXFileReference; lastKnownFileType = text.json; path = MorningEveningZikrData.json; sourceTree = "<group>"; };
		256EE2932A0F4D60008BDE13 /* MorningEveningZikrData.swift */ = {isa = PBXFileReference; lastKnownFileType = sourcecode.swift; path = MorningEveningZikrData.swift; sourceTree = "<group>"; };
		256EE2972A0F4EAF008BDE13 /* MorningEveningDataLoader.swift */ = {isa = PBXFileReference; lastKnownFileType = sourcecode.swift; path = MorningEveningDataLoader.swift; sourceTree = "<group>"; };
		256EE2992A0F7E31008BDE13 /* MorningEveningZikrView.swift */ = {isa = PBXFileReference; lastKnownFileType = sourcecode.swift; path = MorningEveningZikrView.swift; sourceTree = "<group>"; };
		256EE29B2A0F936E008BDE13 /* add_extra_data.py */ = {isa = PBXFileReference; fileEncoding = 4; lastKnownFileType = text.script.python; path = add_extra_data.py; sourceTree = "<group>"; };
		25DF20E82A012AB300631BE6 /* Zikr-ios.app */ = {isa = PBXFileReference; explicitFileType = wrapper.application; includeInIndex = 0; path = "Zikr-ios.app"; sourceTree = BUILT_PRODUCTS_DIR; };
		25DF20EB2A012AB300631BE6 /* Zikr_iosApp.swift */ = {isa = PBXFileReference; lastKnownFileType = sourcecode.swift; path = Zikr_iosApp.swift; sourceTree = "<group>"; };
		25DF20ED2A012AB300631BE6 /* ContentView.swift */ = {isa = PBXFileReference; lastKnownFileType = sourcecode.swift; path = ContentView.swift; sourceTree = "<group>"; };
		25DF20EF2A012AB400631BE6 /* Assets.xcassets */ = {isa = PBXFileReference; lastKnownFileType = folder.assetcatalog; name = Assets.xcassets; path = "Zikr-ios/Assets.xcassets"; sourceTree = SOURCE_ROOT; };
		25DF20F22A012AB400631BE6 /* Preview Assets.xcassets */ = {isa = PBXFileReference; lastKnownFileType = folder.assetcatalog; path = "Preview Assets.xcassets"; sourceTree = "<group>"; };
		25DF20F82A012AB400631BE6 /* Zikr-iosTests.xctest */ = {isa = PBXFileReference; explicitFileType = wrapper.cfbundle; includeInIndex = 0; path = "Zikr-iosTests.xctest"; sourceTree = BUILT_PRODUCTS_DIR; };
		25DF20FC2A012AB400631BE6 /* Zikr_iosTests.swift */ = {isa = PBXFileReference; lastKnownFileType = sourcecode.swift; path = Zikr_iosTests.swift; sourceTree = "<group>"; };
		25DF21022A012AB400631BE6 /* Zikr-iosUITests.xctest */ = {isa = PBXFileReference; explicitFileType = wrapper.cfbundle; includeInIndex = 0; path = "Zikr-iosUITests.xctest"; sourceTree = BUILT_PRODUCTS_DIR; };
		25DF21062A012AB400631BE6 /* Zikr_iosUITests.swift */ = {isa = PBXFileReference; lastKnownFileType = sourcecode.swift; path = Zikr_iosUITests.swift; sourceTree = "<group>"; };
		25DF21082A012AB400631BE6 /* Zikr_iosUITestsLaunchTests.swift */ = {isa = PBXFileReference; lastKnownFileType = sourcecode.swift; path = Zikr_iosUITestsLaunchTests.swift; sourceTree = "<group>"; };
		25DF21152A012BAA00631BE6 /* BigTileView.swift */ = {isa = PBXFileReference; lastKnownFileType = sourcecode.swift; path = BigTileView.swift; sourceTree = "<group>"; };
		25DF21532A0278BB00631BE6 /* MorningMenuView.swift */ = {isa = PBXFileReference; lastKnownFileType = sourcecode.swift; path = MorningMenuView.swift; sourceTree = "<group>"; };
		25DF21552A0278DE00631BE6 /* EveningMenuView.swift */ = {isa = PBXFileReference; lastKnownFileType = sourcecode.swift; path = EveningMenuView.swift; sourceTree = "<group>"; };
		25DF215A2A027A7B00631BE6 /* SettingsView.swift */ = {isa = PBXFileReference; lastKnownFileType = sourcecode.swift; name = SettingsView.swift; path = "Zikr-ios/SettingsView.swift"; sourceTree = SOURCE_ROOT; };
		25DF215C2A027F1B00631BE6 /* MainView.swift */ = {isa = PBXFileReference; lastKnownFileType = sourcecode.swift; path = MainView.swift; sourceTree = "<group>"; };
		25DF215E2A052AE600631BE6 /* ZikrData.json */ = {isa = PBXFileReference; fileEncoding = 4; lastKnownFileType = text.json; path = ZikrData.json; sourceTree = "<group>"; };
		25DF21602A052B2000631BE6 /* Zikr.swift */ = {isa = PBXFileReference; fileEncoding = 4; lastKnownFileType = sourcecode.swift; path = Zikr.swift; sourceTree = "<group>"; };
		25DF21622A052B5400631BE6 /* DataLoader.swift */ = {isa = PBXFileReference; fileEncoding = 4; lastKnownFileType = sourcecode.swift; path = DataLoader.swift; sourceTree = "<group>"; };
		25DF21642A05C6D300631BE6 /* ZikrView.swift */ = {isa = PBXFileReference; lastKnownFileType = sourcecode.swift; path = ZikrView.swift; sourceTree = "<group>"; };
		25DF21B02A078BFF00631BE6 /* RowView.swift */ = {isa = PBXFileReference; lastKnownFileType = sourcecode.swift; path = RowView.swift; sourceTree = "<group>"; };
/* End PBXFileReference section */

/* Begin PBXFrameworksBuildPhase section */
		25DF20E52A012AB300631BE6 /* Frameworks */ = {
			isa = PBXFrameworksBuildPhase;
			buildActionMask = 2147483647;
			files = (
			);
			runOnlyForDeploymentPostprocessing = 0;
		};
		25DF20F52A012AB400631BE6 /* Frameworks */ = {
			isa = PBXFrameworksBuildPhase;
			buildActionMask = 2147483647;
			files = (
			);
			runOnlyForDeploymentPostprocessing = 0;
		};
		25DF20FF2A012AB400631BE6 /* Frameworks */ = {
			isa = PBXFrameworksBuildPhase;
			buildActionMask = 2147483647;
			files = (
			);
			runOnlyForDeploymentPostprocessing = 0;
		};
/* End PBXFrameworksBuildPhase section */

/* Begin PBXGroup section */
		256EE1E12A091971008BDE13 /* Fonts */ = {
			isa = PBXGroup;
			children = (
				256EE1E22A091C9D008BDE13 /* Damascus.ttc */,
			);
			path = Fonts;
			sourceTree = "<group>";
		};
		256EE2962A0F4DA7008BDE13 /* MorningEveningZikr */ = {
			isa = PBXGroup;
			children = (
				256EE2992A0F7E31008BDE13 /* MorningEveningZikrView.swift */,
				256EE2932A0F4D60008BDE13 /* MorningEveningZikrData.swift */,
				25DF21682A05DBF600631BE6 /* MorningEveningMenu */,
			);
			path = MorningEveningZikr;
			sourceTree = "<group>";
		};
		256EE29E2A10BDBB008BDE13 /* Resources */ = {
			isa = PBXGroup;
			children = (
				256EE1E12A091971008BDE13 /* Fonts */,
				256EE29F2A10BDDA008BDE13 /* Data */,
			);
			path = Resources;
			sourceTree = "<group>";
		};
		256EE29F2A10BDDA008BDE13 /* Data */ = {
			isa = PBXGroup;
			children = (
				25DF215E2A052AE600631BE6 /* ZikrData.json */,
				256EE28F2A0F3BA2008BDE13 /* MorningEveningZikrData.json */,
				256EE29B2A0F936E008BDE13 /* add_extra_data.py */,
			);
			path = Data;
			sourceTree = "<group>";
		};
		25DF20DF2A012AB300631BE6 = {
			isa = PBXGroup;
			children = (
				25DF20EA2A012AB300631BE6 /* Zikr-ios */,
				25DF20FB2A012AB400631BE6 /* Zikr-iosTests */,
				25DF21052A012AB400631BE6 /* Zikr-iosUITests */,
				25DF20E92A012AB300631BE6 /* Products */,
			);
			sourceTree = "<group>";
		};
		25DF20E92A012AB300631BE6 /* Products */ = {
			isa = PBXGroup;
			children = (
				25DF20E82A012AB300631BE6 /* Zikr-ios.app */,
				25DF20F82A012AB400631BE6 /* Zikr-iosTests.xctest */,
				25DF21022A012AB400631BE6 /* Zikr-iosUITests.xctest */,
			);
			name = Products;
			sourceTree = "<group>";
		};
		25DF20EA2A012AB300631BE6 /* Zikr-ios */ = {
			isa = PBXGroup;
			children = (
				25DF20EB2A012AB300631BE6 /* Zikr_iosApp.swift */,
				25DF20ED2A012AB300631BE6 /* ContentView.swift */,
				25DF215C2A027F1B00631BE6 /* MainView.swift */,
				25DF215A2A027A7B00631BE6 /* SettingsView.swift */,
				25DF21572A02790B00631BE6 /* Helpers */,
				25DF21692A05DC0900631BE6 /* ZikrPage */,
				256EE2962A0F4DA7008BDE13 /* MorningEveningZikr */,
				25DF21622A052B5400631BE6 /* DataLoader.swift */,
				256EE2972A0F4EAF008BDE13 /* MorningEveningDataLoader.swift */,
				256EE29E2A10BDBB008BDE13 /* Resources */,
				25DF20EF2A012AB400631BE6 /* Assets.xcassets */,
				25DF20F12A012AB400631BE6 /* Preview Content */,
			);
			path = "Zikr-ios";
			sourceTree = "<group>";
		};
		25DF20F12A012AB400631BE6 /* Preview Content */ = {
			isa = PBXGroup;
			children = (
				25DF20F22A012AB400631BE6 /* Preview Assets.xcassets */,
			);
			path = "Preview Content";
			sourceTree = "<group>";
		};
		25DF20FB2A012AB400631BE6 /* Zikr-iosTests */ = {
			isa = PBXGroup;
			children = (
				25DF20FC2A012AB400631BE6 /* Zikr_iosTests.swift */,
			);
			path = "Zikr-iosTests";
			sourceTree = "<group>";
		};
		25DF21052A012AB400631BE6 /* Zikr-iosUITests */ = {
			isa = PBXGroup;
			children = (
				25DF21062A012AB400631BE6 /* Zikr_iosUITests.swift */,
				25DF21082A012AB400631BE6 /* Zikr_iosUITestsLaunchTests.swift */,
			);
			path = "Zikr-iosUITests";
			sourceTree = "<group>";
		};
		25DF21572A02790B00631BE6 /* Helpers */ = {
			isa = PBXGroup;
			children = (
				25DF21152A012BAA00631BE6 /* BigTileView.swift */,
				25DF21B02A078BFF00631BE6 /* RowView.swift */,
			);
			path = Helpers;
			sourceTree = "<group>";
		};
		25DF21682A05DBF600631BE6 /* MorningEveningMenu */ = {
			isa = PBXGroup;
			children = (
				25DF21532A0278BB00631BE6 /* MorningMenuView.swift */,
				25DF21552A0278DE00631BE6 /* EveningMenuView.swift */,
			);
			path = MorningEveningMenu;
			sourceTree = "<group>";
		};
		25DF21692A05DC0900631BE6 /* ZikrPage */ = {
			isa = PBXGroup;
			children = (
				25DF21602A052B2000631BE6 /* Zikr.swift */,
				25DF21642A05C6D300631BE6 /* ZikrView.swift */,
			);
			path = ZikrPage;
			sourceTree = "<group>";
		};
/* End PBXGroup section */

/* Begin PBXNativeTarget section */
		25DF20E72A012AB300631BE6 /* Zikr-ios */ = {
			isa = PBXNativeTarget;
			buildConfigurationList = 25DF210C2A012AB400631BE6 /* Build configuration list for PBXNativeTarget "Zikr-ios" */;
			buildPhases = (
				25DF20E42A012AB300631BE6 /* Sources */,
				25DF20E52A012AB300631BE6 /* Frameworks */,
				25DF20E62A012AB300631BE6 /* Resources */,
			);
			buildRules = (
			);
			dependencies = (
			);
			name = "Zikr-ios";
			productName = "Zikr-ios";
			productReference = 25DF20E82A012AB300631BE6 /* Zikr-ios.app */;
			productType = "com.apple.product-type.application";
		};
		25DF20F72A012AB400631BE6 /* Zikr-iosTests */ = {
			isa = PBXNativeTarget;
			buildConfigurationList = 25DF210F2A012AB400631BE6 /* Build configuration list for PBXNativeTarget "Zikr-iosTests" */;
			buildPhases = (
				25DF20F42A012AB400631BE6 /* Sources */,
				25DF20F52A012AB400631BE6 /* Frameworks */,
				25DF20F62A012AB400631BE6 /* Resources */,
			);
			buildRules = (
			);
			dependencies = (
				25DF20FA2A012AB400631BE6 /* PBXTargetDependency */,
			);
			name = "Zikr-iosTests";
			productName = "Zikr-iosTests";
			productReference = 25DF20F82A012AB400631BE6 /* Zikr-iosTests.xctest */;
			productType = "com.apple.product-type.bundle.unit-test";
		};
		25DF21012A012AB400631BE6 /* Zikr-iosUITests */ = {
			isa = PBXNativeTarget;
			buildConfigurationList = 25DF21122A012AB400631BE6 /* Build configuration list for PBXNativeTarget "Zikr-iosUITests" */;
			buildPhases = (
				25DF20FE2A012AB400631BE6 /* Sources */,
				25DF20FF2A012AB400631BE6 /* Frameworks */,
				25DF21002A012AB400631BE6 /* Resources */,
			);
			buildRules = (
			);
			dependencies = (
				25DF21042A012AB400631BE6 /* PBXTargetDependency */,
			);
			name = "Zikr-iosUITests";
			productName = "Zikr-iosUITests";
			productReference = 25DF21022A012AB400631BE6 /* Zikr-iosUITests.xctest */;
			productType = "com.apple.product-type.bundle.ui-testing";
		};
/* End PBXNativeTarget section */

/* Begin PBXProject section */
		25DF20E02A012AB300631BE6 /* Project object */ = {
			isa = PBXProject;
			attributes = {
				BuildIndependentTargetsInParallel = 1;
				LastSwiftUpdateCheck = 1420;
				LastUpgradeCheck = 1420;
				TargetAttributes = {
					25DF20E72A012AB300631BE6 = {
						CreatedOnToolsVersion = 14.2;
					};
					25DF20F72A012AB400631BE6 = {
						CreatedOnToolsVersion = 14.2;
						TestTargetID = 25DF20E72A012AB300631BE6;
					};
					25DF21012A012AB400631BE6 = {
						CreatedOnToolsVersion = 14.2;
						TestTargetID = 25DF20E72A012AB300631BE6;
					};
				};
			};
			buildConfigurationList = 25DF20E32A012AB300631BE6 /* Build configuration list for PBXProject "Zikr-ios" */;
			compatibilityVersion = "Xcode 14.0";
			developmentRegion = en;
			hasScannedForEncodings = 0;
			knownRegions = (
				en,
				Base,
			);
			mainGroup = 25DF20DF2A012AB300631BE6;
			productRefGroup = 25DF20E92A012AB300631BE6 /* Products */;
			projectDirPath = "";
			projectRoot = "";
			targets = (
				25DF20E72A012AB300631BE6 /* Zikr-ios */,
				25DF20F72A012AB400631BE6 /* Zikr-iosTests */,
				25DF21012A012AB400631BE6 /* Zikr-iosUITests */,
			);
		};
/* End PBXProject section */

/* Begin PBXResourcesBuildPhase section */
		25DF20E62A012AB300631BE6 /* Resources */ = {
			isa = PBXResourcesBuildPhase;
			buildActionMask = 2147483647;
			files = (
				256EE29C2A0F936E008BDE13 /* add_extra_data.py in Resources */,
				25DF20F32A012AB400631BE6 /* Preview Assets.xcassets in Resources */,
				25DF20F02A012AB400631BE6 /* Assets.xcassets in Resources */,
				25DF215F2A052AE600631BE6 /* ZikrData.json in Resources */,
				256EE2902A0F3BA2008BDE13 /* MorningEveningZikrData.json in Resources */,
			);
			runOnlyForDeploymentPostprocessing = 0;
		};
		25DF20F62A012AB400631BE6 /* Resources */ = {
			isa = PBXResourcesBuildPhase;
			buildActionMask = 2147483647;
			files = (
			);
			runOnlyForDeploymentPostprocessing = 0;
		};
		25DF21002A012AB400631BE6 /* Resources */ = {
			isa = PBXResourcesBuildPhase;
			buildActionMask = 2147483647;
			files = (
			);
			runOnlyForDeploymentPostprocessing = 0;
		};
/* End PBXResourcesBuildPhase section */

/* Begin PBXSourcesBuildPhase section */
		25DF20E42A012AB300631BE6 /* Sources */ = {
			isa = PBXSourcesBuildPhase;
			buildActionMask = 2147483647;
			files = (
				256EE2982A0F4EAF008BDE13 /* MorningEveningDataLoader.swift in Sources */,
				256EE2942A0F4D60008BDE13 /* MorningEveningZikrData.swift in Sources */,
				25DF21612A052B2000631BE6 /* Zikr.swift in Sources */,
				25DF21162A012BAA00631BE6 /* BigTileView.swift in Sources */,
				25DF215D2A027F1B00631BE6 /* MainView.swift in Sources */,
				25DF21542A0278BB00631BE6 /* MorningMenuView.swift in Sources */,
				25DF21562A0278DE00631BE6 /* EveningMenuView.swift in Sources */,
				25DF215B2A027A7B00631BE6 /* SettingsView.swift in Sources */,
				256EE29A2A0F7E31008BDE13 /* MorningEveningZikrView.swift in Sources */,
				25DF21652A05C6D300631BE6 /* ZikrView.swift in Sources */,
				25DF20EE2A012AB300631BE6 /* ContentView.swift in Sources */,
				25DF21B12A078BFF00631BE6 /* RowView.swift in Sources */,
				25DF20EC2A012AB300631BE6 /* Zikr_iosApp.swift in Sources */,
				25DF21632A052B5400631BE6 /* DataLoader.swift in Sources */,
			);
			runOnlyForDeploymentPostprocessing = 0;
		};
		25DF20F42A012AB400631BE6 /* Sources */ = {
			isa = PBXSourcesBuildPhase;
			buildActionMask = 2147483647;
			files = (
				25DF20FD2A012AB400631BE6 /* Zikr_iosTests.swift in Sources */,
			);
			runOnlyForDeploymentPostprocessing = 0;
		};
		25DF20FE2A012AB400631BE6 /* Sources */ = {
			isa = PBXSourcesBuildPhase;
			buildActionMask = 2147483647;
			files = (
				25DF21092A012AB400631BE6 /* Zikr_iosUITestsLaunchTests.swift in Sources */,
				25DF21072A012AB400631BE6 /* Zikr_iosUITests.swift in Sources */,
			);
			runOnlyForDeploymentPostprocessing = 0;
		};
/* End PBXSourcesBuildPhase section */

/* Begin PBXTargetDependency section */
		25DF20FA2A012AB400631BE6 /* PBXTargetDependency */ = {
			isa = PBXTargetDependency;
			target = 25DF20E72A012AB300631BE6 /* Zikr-ios */;
			targetProxy = 25DF20F92A012AB400631BE6 /* PBXContainerItemProxy */;
		};
		25DF21042A012AB400631BE6 /* PBXTargetDependency */ = {
			isa = PBXTargetDependency;
			target = 25DF20E72A012AB300631BE6 /* Zikr-ios */;
			targetProxy = 25DF21032A012AB400631BE6 /* PBXContainerItemProxy */;
		};
/* End PBXTargetDependency section */

/* Begin XCBuildConfiguration section */
		25DF210A2A012AB400631BE6 /* Debug */ = {
			isa = XCBuildConfiguration;
			buildSettings = {
				ALWAYS_SEARCH_USER_PATHS = NO;
				CLANG_ANALYZER_NONNULL = YES;
				CLANG_ANALYZER_NUMBER_OBJECT_CONVERSION = YES_AGGRESSIVE;
				CLANG_CXX_LANGUAGE_STANDARD = "gnu++20";
				CLANG_ENABLE_MODULES = YES;
				CLANG_ENABLE_OBJC_ARC = YES;
				CLANG_ENABLE_OBJC_WEAK = YES;
				CLANG_WARN_BLOCK_CAPTURE_AUTORELEASING = YES;
				CLANG_WARN_BOOL_CONVERSION = YES;
				CLANG_WARN_COMMA = YES;
				CLANG_WARN_CONSTANT_CONVERSION = YES;
				CLANG_WARN_DEPRECATED_OBJC_IMPLEMENTATIONS = YES;
				CLANG_WARN_DIRECT_OBJC_ISA_USAGE = YES_ERROR;
				CLANG_WARN_DOCUMENTATION_COMMENTS = YES;
				CLANG_WARN_EMPTY_BODY = YES;
				CLANG_WARN_ENUM_CONVERSION = YES;
				CLANG_WARN_INFINITE_RECURSION = YES;
				CLANG_WARN_INT_CONVERSION = YES;
				CLANG_WARN_NON_LITERAL_NULL_CONVERSION = YES;
				CLANG_WARN_OBJC_IMPLICIT_RETAIN_SELF = YES;
				CLANG_WARN_OBJC_LITERAL_CONVERSION = YES;
				CLANG_WARN_OBJC_ROOT_CLASS = YES_ERROR;
				CLANG_WARN_QUOTED_INCLUDE_IN_FRAMEWORK_HEADER = YES;
				CLANG_WARN_RANGE_LOOP_ANALYSIS = YES;
				CLANG_WARN_STRICT_PROTOTYPES = YES;
				CLANG_WARN_SUSPICIOUS_MOVE = YES;
				CLANG_WARN_UNGUARDED_AVAILABILITY = YES_AGGRESSIVE;
				CLANG_WARN_UNREACHABLE_CODE = YES;
				CLANG_WARN__DUPLICATE_METHOD_MATCH = YES;
				COPY_PHASE_STRIP = NO;
				DEBUG_INFORMATION_FORMAT = dwarf;
				ENABLE_STRICT_OBJC_MSGSEND = YES;
				ENABLE_TESTABILITY = YES;
				GCC_C_LANGUAGE_STANDARD = gnu11;
				GCC_DYNAMIC_NO_PIC = NO;
				GCC_NO_COMMON_BLOCKS = YES;
				GCC_OPTIMIZATION_LEVEL = 0;
				GCC_PREPROCESSOR_DEFINITIONS = (
					"DEBUG=1",
					"$(inherited)",
				);
				GCC_WARN_64_TO_32_BIT_CONVERSION = YES;
				GCC_WARN_ABOUT_RETURN_TYPE = YES_ERROR;
				GCC_WARN_UNDECLARED_SELECTOR = YES;
				GCC_WARN_UNINITIALIZED_AUTOS = YES_AGGRESSIVE;
				GCC_WARN_UNUSED_FUNCTION = YES;
				GCC_WARN_UNUSED_VARIABLE = YES;
				IPHONEOS_DEPLOYMENT_TARGET = 16.0;
				MTL_ENABLE_DEBUG_INFO = INCLUDE_SOURCE;
				MTL_FAST_MATH = YES;
				ONLY_ACTIVE_ARCH = YES;
				SDKROOT = iphoneos;
				SWIFT_ACTIVE_COMPILATION_CONDITIONS = DEBUG;
				SWIFT_OPTIMIZATION_LEVEL = "-Onone";
			};
			name = Debug;
		};
		25DF210B2A012AB400631BE6 /* Release */ = {
			isa = XCBuildConfiguration;
			buildSettings = {
				ALWAYS_SEARCH_USER_PATHS = NO;
				CLANG_ANALYZER_NONNULL = YES;
				CLANG_ANALYZER_NUMBER_OBJECT_CONVERSION = YES_AGGRESSIVE;
				CLANG_CXX_LANGUAGE_STANDARD = "gnu++20";
				CLANG_ENABLE_MODULES = YES;
				CLANG_ENABLE_OBJC_ARC = YES;
				CLANG_ENABLE_OBJC_WEAK = YES;
				CLANG_WARN_BLOCK_CAPTURE_AUTORELEASING = YES;
				CLANG_WARN_BOOL_CONVERSION = YES;
				CLANG_WARN_COMMA = YES;
				CLANG_WARN_CONSTANT_CONVERSION = YES;
				CLANG_WARN_DEPRECATED_OBJC_IMPLEMENTATIONS = YES;
				CLANG_WARN_DIRECT_OBJC_ISA_USAGE = YES_ERROR;
				CLANG_WARN_DOCUMENTATION_COMMENTS = YES;
				CLANG_WARN_EMPTY_BODY = YES;
				CLANG_WARN_ENUM_CONVERSION = YES;
				CLANG_WARN_INFINITE_RECURSION = YES;
				CLANG_WARN_INT_CONVERSION = YES;
				CLANG_WARN_NON_LITERAL_NULL_CONVERSION = YES;
				CLANG_WARN_OBJC_IMPLICIT_RETAIN_SELF = YES;
				CLANG_WARN_OBJC_LITERAL_CONVERSION = YES;
				CLANG_WARN_OBJC_ROOT_CLASS = YES_ERROR;
				CLANG_WARN_QUOTED_INCLUDE_IN_FRAMEWORK_HEADER = YES;
				CLANG_WARN_RANGE_LOOP_ANALYSIS = YES;
				CLANG_WARN_STRICT_PROTOTYPES = YES;
				CLANG_WARN_SUSPICIOUS_MOVE = YES;
				CLANG_WARN_UNGUARDED_AVAILABILITY = YES_AGGRESSIVE;
				CLANG_WARN_UNREACHABLE_CODE = YES;
				CLANG_WARN__DUPLICATE_METHOD_MATCH = YES;
				COPY_PHASE_STRIP = NO;
				DEBUG_INFORMATION_FORMAT = "dwarf-with-dsym";
				ENABLE_NS_ASSERTIONS = NO;
				ENABLE_STRICT_OBJC_MSGSEND = YES;
				GCC_C_LANGUAGE_STANDARD = gnu11;
				GCC_NO_COMMON_BLOCKS = YES;
				GCC_WARN_64_TO_32_BIT_CONVERSION = YES;
				GCC_WARN_ABOUT_RETURN_TYPE = YES_ERROR;
				GCC_WARN_UNDECLARED_SELECTOR = YES;
				GCC_WARN_UNINITIALIZED_AUTOS = YES_AGGRESSIVE;
				GCC_WARN_UNUSED_FUNCTION = YES;
				GCC_WARN_UNUSED_VARIABLE = YES;
				IPHONEOS_DEPLOYMENT_TARGET = 16.0;
				MTL_ENABLE_DEBUG_INFO = NO;
				MTL_FAST_MATH = YES;
				SDKROOT = iphoneos;
				SWIFT_COMPILATION_MODE = wholemodule;
				SWIFT_OPTIMIZATION_LEVEL = "-O";
				VALIDATE_PRODUCT = YES;
			};
			name = Release;
		};
		25DF210D2A012AB400631BE6 /* Debug */ = {
			isa = XCBuildConfiguration;
			buildSettings = {
				ASSETCATALOG_COMPILER_APPICON_NAME = AppIcon;
				ASSETCATALOG_COMPILER_GLOBAL_ACCENT_COLOR_NAME = AccentColor;
				CODE_SIGN_STYLE = Automatic;
				CURRENT_PROJECT_VERSION = 1;
				DEVELOPMENT_ASSET_PATHS = "\"Zikr-ios/Preview Content\"";
				DEVELOPMENT_TEAM = A4222NNV64;
				ENABLE_PREVIEWS = YES;
				GENERATE_INFOPLIST_FILE = YES;
				INFOPLIST_KEY_CFBundleDisplayName = Zikr;
				INFOPLIST_KEY_UIApplicationSceneManifest_Generation = YES;
				INFOPLIST_KEY_UIApplicationSupportsIndirectInputEvents = YES;
				INFOPLIST_KEY_UILaunchScreen_Generation = YES;
				INFOPLIST_KEY_UISupportedInterfaceOrientations_iPad = "UIInterfaceOrientationPortrait UIInterfaceOrientationPortraitUpsideDown UIInterfaceOrientationLandscapeLeft UIInterfaceOrientationLandscapeRight";
				INFOPLIST_KEY_UISupportedInterfaceOrientations_iPhone = "UIInterfaceOrientationPortrait UIInterfaceOrientationLandscapeLeft UIInterfaceOrientationLandscapeRight";
				LD_RUNPATH_SEARCH_PATHS = (
					"$(inherited)",
					"@executable_path/Frameworks",
				);
				MARKETING_VERSION = 1.0;
				PRODUCT_BUNDLE_IDENTIFIER = "saeedi.Zikr-ios";
				PRODUCT_NAME = "$(TARGET_NAME)";
				SWIFT_EMIT_LOC_STRINGS = YES;
				SWIFT_VERSION = 5.0;
				TARGETED_DEVICE_FAMILY = "1,2";
			};
			name = Debug;
		};
		25DF210E2A012AB400631BE6 /* Release */ = {
			isa = XCBuildConfiguration;
			buildSettings = {
				ASSETCATALOG_COMPILER_APPICON_NAME = AppIcon;
				ASSETCATALOG_COMPILER_GLOBAL_ACCENT_COLOR_NAME = AccentColor;
				CODE_SIGN_STYLE = Automatic;
				CURRENT_PROJECT_VERSION = 1;
				DEVELOPMENT_ASSET_PATHS = "\"Zikr-ios/Preview Content\"";
				DEVELOPMENT_TEAM = A4222NNV64;
				ENABLE_PREVIEWS = YES;
				GENERATE_INFOPLIST_FILE = YES;
				INFOPLIST_KEY_CFBundleDisplayName = Zikr;
				INFOPLIST_KEY_UIApplicationSceneManifest_Generation = YES;
				INFOPLIST_KEY_UIApplicationSupportsIndirectInputEvents = YES;
				INFOPLIST_KEY_UILaunchScreen_Generation = YES;
				INFOPLIST_KEY_UISupportedInterfaceOrientations_iPad = "UIInterfaceOrientationPortrait UIInterfaceOrientationPortraitUpsideDown UIInterfaceOrientationLandscapeLeft UIInterfaceOrientationLandscapeRight";
				INFOPLIST_KEY_UISupportedInterfaceOrientations_iPhone = "UIInterfaceOrientationPortrait UIInterfaceOrientationLandscapeLeft UIInterfaceOrientationLandscapeRight";
				LD_RUNPATH_SEARCH_PATHS = (
					"$(inherited)",
					"@executable_path/Frameworks",
				);
				MARKETING_VERSION = 1.0;
				PRODUCT_BUNDLE_IDENTIFIER = "saeedi.Zikr-ios";
				PRODUCT_NAME = "$(TARGET_NAME)";
				SWIFT_EMIT_LOC_STRINGS = YES;
				SWIFT_VERSION = 5.0;
				TARGETED_DEVICE_FAMILY = "1,2";
			};
			name = Release;
		};
		25DF21102A012AB400631BE6 /* Debug */ = {
			isa = XCBuildConfiguration;
			buildSettings = {
				ALWAYS_EMBED_SWIFT_STANDARD_LIBRARIES = YES;
				BUNDLE_LOADER = "$(TEST_HOST)";
				CODE_SIGN_STYLE = Automatic;
				CURRENT_PROJECT_VERSION = 1;
				DEVELOPMENT_TEAM = A4222NNV64;
				GENERATE_INFOPLIST_FILE = YES;
				IPHONEOS_DEPLOYMENT_TARGET = 16.2;
				MARKETING_VERSION = 1.0;
				PRODUCT_BUNDLE_IDENTIFIER = "saeedi.Zikr-iosTests";
				PRODUCT_NAME = "$(TARGET_NAME)";
				SWIFT_EMIT_LOC_STRINGS = NO;
				SWIFT_VERSION = 5.0;
				TARGETED_DEVICE_FAMILY = "1,2";
				TEST_HOST = "$(BUILT_PRODUCTS_DIR)/Zikr-ios.app/$(BUNDLE_EXECUTABLE_FOLDER_PATH)/Zikr-ios";
			};
			name = Debug;
		};
		25DF21112A012AB400631BE6 /* Release */ = {
			isa = XCBuildConfiguration;
			buildSettings = {
				ALWAYS_EMBED_SWIFT_STANDARD_LIBRARIES = YES;
				BUNDLE_LOADER = "$(TEST_HOST)";
				CODE_SIGN_STYLE = Automatic;
				CURRENT_PROJECT_VERSION = 1;
				DEVELOPMENT_TEAM = A4222NNV64;
				GENERATE_INFOPLIST_FILE = YES;
				IPHONEOS_DEPLOYMENT_TARGET = 16.2;
				MARKETING_VERSION = 1.0;
				PRODUCT_BUNDLE_IDENTIFIER = "saeedi.Zikr-iosTests";
				PRODUCT_NAME = "$(TARGET_NAME)";
				SWIFT_EMIT_LOC_STRINGS = NO;
				SWIFT_VERSION = 5.0;
				TARGETED_DEVICE_FAMILY = "1,2";
				TEST_HOST = "$(BUILT_PRODUCTS_DIR)/Zikr-ios.app/$(BUNDLE_EXECUTABLE_FOLDER_PATH)/Zikr-ios";
			};
			name = Release;
		};
		25DF21132A012AB400631BE6 /* Debug */ = {
			isa = XCBuildConfiguration;
			buildSettings = {
				ALWAYS_EMBED_SWIFT_STANDARD_LIBRARIES = YES;
				CODE_SIGN_STYLE = Automatic;
				CURRENT_PROJECT_VERSION = 1;
				DEVELOPMENT_TEAM = A4222NNV64;
				GENERATE_INFOPLIST_FILE = YES;
				MARKETING_VERSION = 1.0;
				PRODUCT_BUNDLE_IDENTIFIER = "saeedi.Zikr-iosUITests";
				PRODUCT_NAME = "$(TARGET_NAME)";
				SWIFT_EMIT_LOC_STRINGS = NO;
				SWIFT_VERSION = 5.0;
				TARGETED_DEVICE_FAMILY = "1,2";
				TEST_TARGET_NAME = "Zikr-ios";
			};
			name = Debug;
		};
		25DF21142A012AB400631BE6 /* Release */ = {
			isa = XCBuildConfiguration;
			buildSettings = {
				ALWAYS_EMBED_SWIFT_STANDARD_LIBRARIES = YES;
				CODE_SIGN_STYLE = Automatic;
				CURRENT_PROJECT_VERSION = 1;
				DEVELOPMENT_TEAM = A4222NNV64;
				GENERATE_INFOPLIST_FILE = YES;
				MARKETING_VERSION = 1.0;
				PRODUCT_BUNDLE_IDENTIFIER = "saeedi.Zikr-iosUITests";
				PRODUCT_NAME = "$(TARGET_NAME)";
				SWIFT_EMIT_LOC_STRINGS = NO;
				SWIFT_VERSION = 5.0;
				TARGETED_DEVICE_FAMILY = "1,2";
				TEST_TARGET_NAME = "Zikr-ios";
			};
			name = Release;
		};
/* End XCBuildConfiguration section */

/* Begin XCConfigurationList section */
		25DF20E32A012AB300631BE6 /* Build configuration list for PBXProject "Zikr-ios" */ = {
			isa = XCConfigurationList;
			buildConfigurations = (
				25DF210A2A012AB400631BE6 /* Debug */,
				25DF210B2A012AB400631BE6 /* Release */,
			);
			defaultConfigurationIsVisible = 0;
			defaultConfigurationName = Release;
		};
		25DF210C2A012AB400631BE6 /* Build configuration list for PBXNativeTarget "Zikr-ios" */ = {
			isa = XCConfigurationList;
			buildConfigurations = (
				25DF210D2A012AB400631BE6 /* Debug */,
				25DF210E2A012AB400631BE6 /* Release */,
			);
			defaultConfigurationIsVisible = 0;
			defaultConfigurationName = Release;
		};
		25DF210F2A012AB400631BE6 /* Build configuration list for PBXNativeTarget "Zikr-iosTests" */ = {
			isa = XCConfigurationList;
			buildConfigurations = (
				25DF21102A012AB400631BE6 /* Debug */,
				25DF21112A012AB400631BE6 /* Release */,
			);
			defaultConfigurationIsVisible = 0;
			defaultConfigurationName = Release;
		};
		25DF21122A012AB400631BE6 /* Build configuration list for PBXNativeTarget "Zikr-iosUITests" */ = {
			isa = XCConfigurationList;
			buildConfigurations = (
				25DF21132A012AB400631BE6 /* Debug */,
				25DF21142A012AB400631BE6 /* Release */,
			);
			defaultConfigurationIsVisible = 0;
			defaultConfigurationName = Release;
		};
/* End XCConfigurationList section */
	};
	rootObject = 25DF20E02A012AB300631BE6 /* Project object */;
}
